
Microsoft Visual Studio Solution File, Format Version 11.00
# Visual Studio 2010
Project("{8BC9CEB8-8B4A-11D0-8D11-00A0C91BC942}") = "scv_examples", "scv_examples\scv_examples.vcxproj", "{6DB76FD5-7D53-4E96-B1A1-0ABCF9555090}"
	ProjectSection(ProjectDependencies) = postProject
		{891D71B4-D675-460D-8A69-4107DF65F07F} = {891D71B4-D675-460D-8A69-4107DF65F07F}
	EndProjectSection
EndProject
Project("{8BC9CEB8-8B4A-11D0-8D11-00A0C91BC942}") = "FreeFormInterfaceDesigner", "FreeFormInterfaceDesigner\FreeFormInterfaceDesigner.vcxproj", "{7581EA6A-353F-49C4-9A76-896D30CF608F}"
EndProject
Project("{8BC9CEB8-8B4A-11D0-8D11-00A0C91BC942}") = "InterfaceDesigner", "InterfaceDesigner\InterfaceDesigner.vcxproj", "{DA89F2F1-E4CB-417D-9C0A-FE9AC4AB0D6F}"
EndProject
Project("{8BC9CEB8-8B4A-11D0-8D11-00A0C91BC942}") = "scv", "SCV\scv.vcxproj", "{891D71B4-D675-460D-8A69-4107DF65F07F}"
EndProject
Project("{8BC9CEB8-8B4A-11D0-8D11-00A0C91BC942}") = "ExportedSource", "ExportedSource\ExportedSource.vcxproj", "{E0540573-8D8B-40E3-8794-0E168A9AF426}"
EndProject
Global
	GlobalSection(SolutionConfigurationPlatforms) = preSolution
		Debug|Win32 = Debug|Win32
		DebugWindow|Win32 = DebugWindow|Win32
		Release|Win32 = Release|Win32
		ReleaseWindow|Win32 = ReleaseWindow|Win32
	EndGlobalSection
	GlobalSection(ProjectConfigurationPlatforms) = postSolution
		{6DB76FD5-7D53-4E96-B1A1-0ABCF9555090}.Debug|Win32.ActiveCfg = Debug|Win32
		{6DB76FD5-7D53-4E96-B1A1-0ABCF9555090}.Debug|Win32.Build.0 = Debug|Win32
		{6DB76FD5-7D53-4E96-B1A1-0ABCF9555090}.DebugWindow|Win32.ActiveCfg = Debug|Win32
		{6DB76FD5-7D53-4E96-B1A1-0ABCF9555090}.DebugWindow|Win32.Build.0 = Debug|Win32
		{6DB76FD5-7D53-4E96-B1A1-0ABCF9555090}.Release|Win32.ActiveCfg = Release|Win32
		{6DB76FD5-7D53-4E96-B1A1-0ABCF9555090}.Release|Win32.Build.0 = Release|Win32
		{6DB76FD5-7D53-4E96-B1A1-0ABCF9555090}.ReleaseWindow|Win32.ActiveCfg = Release|Win32
		{6DB76FD5-7D53-4E96-B1A1-0ABCF9555090}.ReleaseWindow|Win32.Build.0 = Release|Win32
		{7581EA6A-353F-49C4-9A76-896D30CF608F}.Debug|Win32.ActiveCfg = Debug|Win32
		{7581EA6A-353F-49C4-9A76-896D30CF608F}.Debug|Win32.Build.0 = Debug|Win32
		{7581EA6A-353F-49C4-9A76-896D30CF608F}.DebugWindow|Win32.ActiveCfg = Debug|Win32
		{7581EA6A-353F-49C4-9A76-896D30CF608F}.DebugWindow|Win32.Build.0 = Debug|Win32
		{7581EA6A-353F-49C4-9A76-896D30CF608F}.Release|Win32.ActiveCfg = Release|Win32
		{7581EA6A-353F-49C4-9A76-896D30CF608F}.Release|Win32.Build.0 = Release|Win32
		{7581EA6A-353F-49C4-9A76-896D30CF608F}.ReleaseWindow|Win32.ActiveCfg = Release|Win32
		{7581EA6A-353F-49C4-9A76-896D30CF608F}.ReleaseWindow|Win32.Build.0 = Release|Win32
		{DA89F2F1-E4CB-417D-9C0A-FE9AC4AB0D6F}.Debug|Win32.ActiveCfg = Debug|Win32
		{DA89F2F1-E4CB-417D-9C0A-FE9AC4AB0D6F}.Debug|Win32.Build.0 = Debug|Win32
		{DA89F2F1-E4CB-417D-9C0A-FE9AC4AB0D6F}.DebugWindow|Win32.ActiveCfg = DebugWindow|Win32
		{DA89F2F1-E4CB-417D-9C0A-FE9AC4AB0D6F}.DebugWindow|Win32.Build.0 = DebugWindow|Win32
		{DA89F2F1-E4CB-417D-9C0A-FE9AC4AB0D6F}.Release|Win32.ActiveCfg = Release|Win32
		{DA89F2F1-E4CB-417D-9C0A-FE9AC4AB0D6F}.Release|Win32.Build.0 = Release|Win32
		{DA89F2F1-E4CB-417D-9C0A-FE9AC4AB0D6F}.ReleaseWindow|Win32.ActiveCfg = ReleaseWindow|Win32
		{DA89F2F1-E4CB-417D-9C0A-FE9AC4AB0D6F}.ReleaseWindow|Win32.Build.0 = ReleaseWindow|Win32
		{891D71B4-D675-460D-8A69-4107DF65F07F}.Debug|Win32.ActiveCfg = Debug|Win32
		{891D71B4-D675-460D-8A69-4107DF65F07F}.Debug|Win32.Build.0 = Debug|Win32
		{891D71B4-D675-460D-8A69-4107DF65F07F}.DebugWindow|Win32.ActiveCfg = Debug|Win32
		{891D71B4-D675-460D-8A69-4107DF65F07F}.DebugWindow|Win32.Build.0 = Debug|Win32
		{891D71B4-D675-460D-8A69-4107DF65F07F}.Release|Win32.ActiveCfg = Release|Win32
		{891D71B4-D675-460D-8A69-4107DF65F07F}.Release|Win32.Build.0 = Release|Win32
		{891D71B4-D675-460D-8A69-4107DF65F07F}.ReleaseWindow|Win32.ActiveCfg = Release|Win32
		{891D71B4-D675-460D-8A69-4107DF65F07F}.ReleaseWindow|Win32.Build.0 = Release|Win32
		{E0540573-8D8B-40E3-8794-0E168A9AF426}.Debug|Win32.ActiveCfg = Debug|Win32
		{E0540573-8D8B-40E3-8794-0E168A9AF426}.Debug|Win32.Build.0 = Debug|Win32
		{E0540573-8D8B-40E3-8794-0E168A9AF426}.DebugWindow|Win32.ActiveCfg = Debug|Win32
		{E0540573-8D8B-40E3-8794-0E168A9AF426}.DebugWindow|Win32.Build.0 = Debug|Win32
		{E0540573-8D8B-40E3-8794-0E168A9AF426}.Release|Win32.ActiveCfg = Release|Win32
		{E0540573-8D8B-40E3-8794-0E168A9AF426}.Release|Win32.Build.0 = Release|Win32
		{E0540573-8D8B-40E3-8794-0E168A9AF426}.ReleaseWindow|Win32.ActiveCfg = Release|Win32
		{E0540573-8D8B-40E3-8794-0E168A9AF426}.ReleaseWindow|Win32.Build.0 = Release|Win32
	EndGlobalSection
	GlobalSection(SolutionProperties) = preSolution
		HideSolutionNode = FALSE
	EndGlobalSection
	GlobalSection(SubversionScc) = preSolution
		Svn-Managed = True
		Manager = AnkhSVN - Subversion Support for Visual Studio
	EndGlobalSection
EndGlobal
