<?xml version="1.0" encoding="utf-8"?>
<Project ToolsVersion="4.0" xmlns="http://schemas.microsoft.com/developer/msbuild/2003">
  <ItemGroup>
    <Filter Include="0.Resources">
      <UniqueIdentifier>{e7157daf-a3f0-4eb6-ac6d-81b0a53bcd53}</UniqueIdentifier>
    </Filter>
    <Filter Include="1.Pre-Compiled Header">
      <UniqueIdentifier>{59ea91bd-d87a-42ce-b5da-a5a519142e81}</UniqueIdentifier>
    </Filter>
    <Filter Include="2.App">
      <UniqueIdentifier>{80a1ead6-9cf7-4740-b3f5-32647e9fc80f}</UniqueIdentifier>
    </Filter>
    <Filter Include="3.PanelProperties">
      <UniqueIdentifier>{b82f00ed-fd23-4e91-a82b-9a38bcf21991}</UniqueIdentifier>
    </Filter>
    <Filter Include="4.Pallete">
      <UniqueIdentifier>{8165ae81-d56e-4ccc-8613-8ae921222da0}</UniqueIdentifier>
    </Filter>
    <Filter Include="5.GroupLayout">
      <UniqueIdentifier>{8769f91d-1f30-4cee-84c5-dc1326b7bf8a}</UniqueIdentifier>
    </Filter>
    <Filter Include="5.GroupLayout\GroupPanel">
      <UniqueIdentifier>{957c731b-924d-4b4e-9255-3f0490cf6a78}</UniqueIdentifier>
    </Filter>
    <Filter Include="6.Code">
      <UniqueIdentifier>{bc363e5d-f5ae-4f11-97aa-b976fe8fc2a8}</UniqueIdentifier>
    </Filter>
  </ItemGroup>
  <ItemGroup>
    <ClCompile Include="..\src\stdafx.cpp">
      <Filter>1.Pre-Compiled Header</Filter>
    </ClCompile>
    <ClCompile Include="..\src\main.cpp">
      <Filter>2.App</Filter>
    </ClCompile>
    <ClCompile Include="..\src\Application.cpp">
      <Filter>2.App</Filter>
    </ClCompile>
    <ClCompile Include="..\src\Properties.cpp">
      <Filter>3.PanelProperties</Filter>
    </ClCompile>
    <ClCompile Include="..\src\PropertieOption.cpp">
      <Filter>3.PanelProperties</Filter>
    </ClCompile>
    <ClCompile Include="..\src\Pallete.cpp">
      <Filter>4.Pallete</Filter>
    </ClCompile>
    <ClCompile Include="..\src\MenuBar.cpp">
      <Filter>2.App</Filter>
    </ClCompile>
    <ClCompile Include="..\src\GroupPanel.cpp">
      <Filter>5.GroupLayout\GroupPanel</Filter>
    </ClCompile>
    <ClCompile Include="..\src\ParallelGroupPanel.cpp">
      <Filter>5.GroupLayout\GroupPanel</Filter>
    </ClCompile>
    <ClCompile Include="..\src\SequentialGroupPanel.cpp">
      <Filter>5.GroupLayout\GroupPanel</Filter>
    </ClCompile>
    <ClCompile Include="..\src\GroupPanelWrapper.cpp">
      <Filter>5.GroupLayout</Filter>
    </ClCompile>
    <ClCompile Include="..\src\GroupObjectWrapper.cpp">
      <Filter>5.GroupLayout</Filter>
    </ClCompile>
    <ClCompile Include="..\src\ComponentSelector.cpp">
      <Filter>2.App</Filter>
    </ClCompile>
    <ClCompile Include="..\src\ManagedComponent.cpp">
      <Filter>6.Code</Filter>
    </ClCompile>
    <ClCompile Include="..\src\CodeGenerator.cpp">
      <Filter>6.Code</Filter>
    </ClCompile>
    <ClCompile Include="..\src\ObjectEditor.cpp">
      <Filter>2.App</Filter>
    </ClCompile>
  </ItemGroup>
  <ItemGroup>
    <ClInclude Include="..\src\stdafx.h">
      <Filter>1.Pre-Compiled Header</Filter>
    </ClInclude>
    <ClInclude Include="..\src\Application.h">
      <Filter>2.App</Filter>
    </ClInclude>
    <ClInclude Include="..\src\Properties.h">
      <Filter>3.PanelProperties</Filter>
    </ClInclude>
    <ClInclude Include="..\src\PropertieOption.h">
      <Filter>3.PanelProperties</Filter>
    </ClInclude>
    <ClInclude Include="..\src\Pallete.h">
      <Filter>4.Pallete</Filter>
    </ClInclude>
    <ClInclude Include="..\src\MenuBar.h">
      <Filter>2.App</Filter>
    </ClInclude>
    <ClInclude Include="..\src\GroupPanel.h">
      <Filter>5.GroupLayout\GroupPanel</Filter>
    </ClInclude>
    <ClInclude Include="..\src\ParallelGroupPanel.h">
      <Filter>5.GroupLayout\GroupPanel</Filter>
    </ClInclude>
    <ClInclude Include="..\src\SequentialGroupPanel.h">
      <Filter>5.GroupLayout\GroupPanel</Filter>
    </ClInclude>
    <ClInclude Include="..\src\GroupPanelWrapper.h">
      <Filter>5.GroupLayout</Filter>
    </ClInclude>
    <ClInclude Include="..\src\GroupObjectWrapper.h">
      <Filter>5.GroupLayout</Filter>
    </ClInclude>
    <ClInclude Include="..\src\ComponentSelector.h">
      <Filter>2.App</Filter>
    </ClInclude>
    <ClInclude Include="..\src\ManagedComponent.h">
      <Filter>6.Code</Filter>
    </ClInclude>
    <ClInclude Include="..\src\CodeGenerator.h">
      <Filter>6.Code</Filter>
    </ClInclude>
    <ClInclude Include="..\src\ObjectEditor.h">
      <Filter>2.App</Filter>
    </ClInclude>
  </ItemGroup>
</Project>