
Microsoft Visual Studio Solution File, Format Version 11.00
# Visual Studio 2010
Project("{8BC9CEB8-8B4A-11D0-8D11-00A0C91BC942}") = "InterfaceDesign", "Demo.vcxproj", "{2210BBF1-1A66-4DED-A2C3-4E1DF307B05B}"
EndProject
Global
	GlobalSection(SolutionConfigurationPlatforms) = preSolution
		Debug|Win32 = Debug|Win32
		DebugWindow|Win32 = DebugWindow|Win32
		Release|Win32 = Release|Win32
		ReleaseWindow|Win32 = ReleaseWindow|Win32
	EndGlobalSection
	GlobalSection(ProjectConfigurationPlatforms) = postSolution
		{2210BBF1-1A66-4DED-A2C3-4E1DF307B05B}.Debug|Win32.ActiveCfg = Debug|Win32
		{2210BBF1-1A66-4DED-A2C3-4E1DF307B05B}.Debug|Win32.Build.0 = Debug|Win32
		{2210BBF1-1A66-4DED-A2C3-4E1DF307B05B}.DebugWindow|Win32.ActiveCfg = DebugWindow|Win32
		{2210BBF1-1A66-4DED-A2C3-4E1DF307B05B}.DebugWindow|Win32.Build.0 = DebugWindow|Win32
		{2210BBF1-1A66-4DED-A2C3-4E1DF307B05B}.Release|Win32.ActiveCfg = Release|Win32
		{2210BBF1-1A66-4DED-A2C3-4E1DF307B05B}.Release|Win32.Build.0 = Release|Win32
		{2210BBF1-1A66-4DED-A2C3-4E1DF307B05B}.ReleaseWindow|Win32.ActiveCfg = ReleaseWindow|Win32
		{2210BBF1-1A66-4DED-A2C3-4E1DF307B05B}.ReleaseWindow|Win32.Build.0 = ReleaseWindow|Win32
	EndGlobalSection
	GlobalSection(SolutionProperties) = preSolution
		HideSolutionNode = FALSE
	EndGlobalSection
EndGlobal
